
Microsoft Visual Studio Solution File, Format Version 12.00
# Visual Studio 2013
VisualStudioVersion = 12.0.21005.1
MinimumVisualStudioVersion = 10.0.40219.1
Project("{8BC9CEB8-8B4A-11D0-8D11-00A0C91BC942}") = "selection_Sort", "selection_Sort\selection_Sort.vcxproj", "{A1472250-63F3-4D88-8B9D-B4C601F9D41D}"
EndProject
Global
	GlobalSection(SolutionConfigurationPlatforms) = preSolution
		Debug|Win32 = Debug|Win32
		Release|Win32 = Release|Win32
	EndGlobalSection
	GlobalSection(ProjectConfigurationPlatforms) = postSolution
		{A1472250-63F3-4D88-8B9D-B4C601F9D41D}.Debug|Win32.ActiveCfg = Debug|Win32
		{A1472250-63F3-4D88-8B9D-B4C601F9D41D}.Debug|Win32.Build.0 = Debug|Win32
		{A1472250-63F3-4D88-8B9D-B4C601F9D41D}.Release|Win32.ActiveCfg = Release|Win32
		{A1472250-63F3-4D88-8B9D-B4C601F9D41D}.Release|Win32.Build.0 = Release|Win32
	EndGlobalSection
	GlobalSection(SolutionProperties) = preSolution
		HideSolutionNode = FALSE
	EndGlobalSection
EndGlobal
